
Microsoft Visual Studio Solution File, Format Version 12.00
# Visual Studio Version 16
VisualStudioVersion = 16.0.30804.86
MinimumVisualStudioVersion = 10.0.40219.1
Project("{FAE04EC0-301F-11D3-BF4B-00C04F79EFBC}") = "natural_medicine", "natural_medicine\natural_medicine.csproj", "{E21D2683-D543-4329-8116-4B9AB5083060}"
EndProject
Global
	GlobalSection(SolutionConfigurationPlatforms) = preSolution
		Debug|Any CPU = Debug|Any CPU
		Release|Any CPU = Release|Any CPU
	EndGlobalSection
	GlobalSection(ProjectConfigurationPlatforms) = postSolution
		{E21D2683-D543-4329-8116-4B9AB5083060}.Debug|Any CPU.ActiveCfg = Debug|Any CPU
		{E21D2683-D543-4329-8116-4B9AB5083060}.Debug|Any CPU.Build.0 = Debug|Any CPU
		{E21D2683-D543-4329-8116-4B9AB5083060}.Release|Any CPU.ActiveCfg = Release|Any CPU
		{E21D2683-D543-4329-8116-4B9AB5083060}.Release|Any CPU.Build.0 = Release|Any CPU
	EndGlobalSection
	GlobalSection(SolutionProperties) = preSolution
		HideSolutionNode = FALSE
	EndGlobalSection
	GlobalSection(ExtensibilityGlobals) = postSolution
		SolutionGuid = {59C5BB3A-2D0D-44BB-972C-AF65AC637A2B}
	EndGlobalSection
EndGlobal
